{
  "name": "udesly-frontend-scripts",
  "version": "3.0.0",
  "lockfileVersion": 2,
  "requires": true,
  "packages": {
    "": {
      "name": "udesly-frontend-scripts",
      "version": "3.0.0",
      "license": "ISC",
      "dependencies": {
        "@rematch/core": "^2.0.1",
        "esbuild": "^0.11.12",
        "lodash.get": "^4.4.2",
        "typescript": "^4.2.4"
      },
      "devDependencies": {
        "@types/lodash.get": "^4.4.6"
      }
    },
    "node_modules/@rematch/core": {
      "version": "2.0.1",
      "resolved": "https://registry.npmjs.org/@rematch/core/-/core-2.0.1.tgz",
      "integrity": "sha512-EyvgmXzXZnDCIIsmBmOtwzaTQzH+rAlrjcPTiV8Hd/TbFeH5VpCXI/B4myB5aH4P+yQafRkm846HNHMmhkq7kQ==",
      "engines": {
        "node": ">=10"
      },
      "peerDependencies": {
        "redux": "^4.0.5"
      }
    },
    "node_modules/@types/lodash": {
      "version": "4.14.168",
      "resolved": "https://registry.npmjs.org/@types/lodash/-/lodash-4.14.168.tgz",
      "integrity": "sha512-oVfRvqHV/V6D1yifJbVRU3TMp8OT6o6BG+U9MkwuJ3U8/CsDHvalRpsxBqivn71ztOFZBTfJMvETbqHiaNSj7Q==",
      "dev": true
    },
    "node_modules/@types/lodash.get": {
      "version": "4.4.6",
      "resolved": "https://registry.npmjs.org/@types/lodash.get/-/lodash.get-4.4.6.tgz",
      "integrity": "sha512-E6zzjR3GtNig8UJG/yodBeJeIOtgPkMgsLjDU3CbgCAPC++vJ0eCMnJhVpRZb/ENqEFlov1+3K9TKtY4UdWKtQ==",
      "dev": true,
      "dependencies": {
        "@types/lodash": "*"
      }
    },
    "node_modules/esbuild": {
      "version": "0.11.12",
      "resolved": "https://registry.npmjs.org/esbuild/-/esbuild-0.11.12.tgz",
      "integrity": "sha512-c8cso/1RwVj+fbDvLtUgSG4ZJQ0y9Zdrl6Ot/GAjyy4pdMCHaFnDMts5gqFnWRPLajWtEnI+3hlET4R9fVoZng==",
      "hasInstallScript": true,
      "bin": {
        "esbuild": "bin/esbuild"
      }
    },
    "node_modules/js-tokens": {
      "version": "4.0.0",
      "resolved": "https://registry.npmjs.org/js-tokens/-/js-tokens-4.0.0.tgz",
      "integrity": "sha512-RdJUflcE3cUzKiMqQgsCu06FPu9UdIJO0beYbPhHN4k6apgJtifcoCtT9bcxOpYBtpD2kCM6Sbzg4CausW/PKQ==",
      "peer": true
    },
    "node_modules/lodash.get": {
      "version": "4.4.2",
      "resolved": "https://registry.npmjs.org/lodash.get/-/lodash.get-4.4.2.tgz",
      "integrity": "sha1-LRd/ZS+jHpObRDjVNBSZ36OCXpk="
    },
    "node_modules/loose-envify": {
      "version": "1.4.0",
      "resolved": "https://registry.npmjs.org/loose-envify/-/loose-envify-1.4.0.tgz",
      "integrity": "sha512-lyuxPGr/Wfhrlem2CL/UcnUc1zcqKAImBDzukY7Y5F/yQiNdko6+fRLevlw1HgMySw7f611UIY408EtxRSoK3Q==",
      "peer": true,
      "dependencies": {
        "js-tokens": "^3.0.0 || ^4.0.0"
      },
      "bin": {
        "loose-envify": "cli.js"
      }
    },
    "node_modules/redux": {
      "version": "4.0.5",
      "resolved": "https://registry.npmjs.org/redux/-/redux-4.0.5.tgz",
      "integrity": "sha512-VSz1uMAH24DM6MF72vcojpYPtrTUu3ByVWfPL1nPfVRb5mZVTve5GnNCUV53QM/BZ66xfWrm0CTWoM+Xlz8V1w==",
      "peer": true,
      "dependencies": {
        "loose-envify": "^1.4.0",
        "symbol-observable": "^1.2.0"
      }
    },
    "node_modules/symbol-observable": {
      "version": "1.2.0",
      "resolved": "https://registry.npmjs.org/symbol-observable/-/symbol-observable-1.2.0.tgz",
      "integrity": "sha512-e900nM8RRtGhlV36KGEU9k65K3mPb1WV70OdjfxlG2EAuM1noi/E/BaW/uMhL7bPEssK8QV57vN3esixjUvcXQ==",
      "peer": true,
      "engines": {
        "node": ">=0.10.0"
      }
    },
    "node_modules/typescript": {
      "version": "4.2.4",
      "resolved": "https://registry.npmjs.org/typescript/-/typescript-4.2.4.tgz",
      "integrity": "sha512-V+evlYHZnQkaz8TRBuxTA92yZBPotr5H+WhQ7bD3hZUndx5tGOa1fuCgeSjxAzM1RiN5IzvadIXTVefuuwZCRg==",
      "bin": {
        "tsc": "bin/tsc",
        "tsserver": "bin/tsserver"
      },
      "engines": {
        "node": ">=4.2.0"
      }
    }
  },
  "dependencies": {
    "@rematch/core": {
      "version": "2.0.1",
      "resolved": "https://registry.npmjs.org/@rematch/core/-/core-2.0.1.tgz",
      "integrity": "sha512-EyvgmXzXZnDCIIsmBmOtwzaTQzH+rAlrjcPTiV8Hd/TbFeH5VpCXI/B4myB5aH4P+yQafRkm846HNHMmhkq7kQ==",
      "requires": {}
    },
    "@types/lodash": {
      "version": "4.14.168",
      "resolved": "https://registry.npmjs.org/@types/lodash/-/lodash-4.14.168.tgz",
      "integrity": "sha512-oVfRvqHV/V6D1yifJbVRU3TMp8OT6o6BG+U9MkwuJ3U8/CsDHvalRpsxBqivn71ztOFZBTfJMvETbqHiaNSj7Q==",
      "dev": true
    },
    "@types/lodash.get": {
      "version": "4.4.6",
      "resolved": "https://registry.npmjs.org/@types/lodash.get/-/lodash.get-4.4.6.tgz",
      "integrity": "sha512-E6zzjR3GtNig8UJG/yodBeJeIOtgPkMgsLjDU3CbgCAPC++vJ0eCMnJhVpRZb/ENqEFlov1+3K9TKtY4UdWKtQ==",
      "dev": true,
      "requires": {
        "@types/lodash": "*"
      }
    },
    "esbuild": {
      "version": "0.11.12",
      "resolved": "https://registry.npmjs.org/esbuild/-/esbuild-0.11.12.tgz",
      "integrity": "sha512-c8cso/1RwVj+fbDvLtUgSG4ZJQ0y9Zdrl6Ot/GAjyy4pdMCHaFnDMts5gqFnWRPLajWtEnI+3hlET4R9fVoZng=="
    },
    "js-tokens": {
      "version": "4.0.0",
      "resolved": "https://registry.npmjs.org/js-tokens/-/js-tokens-4.0.0.tgz",
      "integrity": "sha512-RdJUflcE3cUzKiMqQgsCu06FPu9UdIJO0beYbPhHN4k6apgJtifcoCtT9bcxOpYBtpD2kCM6Sbzg4CausW/PKQ==",
      "peer": true
    },
    "lodash.get": {
      "version": "4.4.2",
      "resolved": "https://registry.npmjs.org/lodash.get/-/lodash.get-4.4.2.tgz",
      "integrity": "sha1-LRd/ZS+jHpObRDjVNBSZ36OCXpk="
    },
    "loose-envify": {
      "version": "1.4.0",
      "resolved": "https://registry.npmjs.org/loose-envify/-/loose-envify-1.4.0.tgz",
      "integrity": "sha512-lyuxPGr/Wfhrlem2CL/UcnUc1zcqKAImBDzukY7Y5F/yQiNdko6+fRLevlw1HgMySw7f611UIY408EtxRSoK3Q==",
      "peer": true,
      "requires": {
        "js-tokens": "^3.0.0 || ^4.0.0"
      }
    },
    "redux": {
      "version": "4.0.5",
      "resolved": "https://registry.npmjs.org/redux/-/redux-4.0.5.tgz",
      "integrity": "sha512-VSz1uMAH24DM6MF72vcojpYPtrTUu3ByVWfPL1nPfVRb5mZVTve5GnNCUV53QM/BZ66xfWrm0CTWoM+Xlz8V1w==",
      "peer": true,
      "requires": {
        "loose-envify": "^1.4.0",
        "symbol-observable": "^1.2.0"
      }
    },
    "symbol-observable": {
      "version": "1.2.0",
      "resolved": "https://registry.npmjs.org/symbol-observable/-/symbol-observable-1.2.0.tgz",
      "integrity": "sha512-e900nM8RRtGhlV36KGEU9k65K3mPb1WV70OdjfxlG2EAuM1noi/E/BaW/uMhL7bPEssK8QV57vN3esixjUvcXQ==",
      "peer": true
    },
    "typescript": {
      "version": "4.2.4",
      "resolved": "https://registry.npmjs.org/typescript/-/typescript-4.2.4.tgz",
      "integrity": "sha512-V+evlYHZnQkaz8TRBuxTA92yZBPotr5H+WhQ7bD3hZUndx5tGOa1fuCgeSjxAzM1RiN5IzvadIXTVefuuwZCRg=="
    }
  }
}
